// !$*UTF8*$!
{
	archiveVersion = 1;
	classes = {
	};
	objectVersion = 50;
	objects = {

/* Begin PBXBuildFile section */
		DB002B4222F9FB40007ED1CF /* MessagesDatabaseManager.swift in Sources */ = {isa = PBXBuildFile; fileRef = DB002B4122F9FB40007ED1CF /* MessagesDatabaseManager.swift */; };
		DB002B4722FA066B007ED1CF /* TabBarController.swift in Sources */ = {isa = PBXBuildFile; fileRef = DB002B4622FA066B007ED1CF /* TabBarController.swift */; };
		DB002B4B22FA070A007ED1CF /* UsersListBuilder.swift in Sources */ = {isa = PBXBuildFile; fileRef = DB002B4A22FA070A007ED1CF /* UsersListBuilder.swift */; };
		DB002B4F22FA0B9C007ED1CF /* UserModel.swift in Sources */ = {isa = PBXBuildFile; fileRef = DB002B4E22FA0B9C007ED1CF /* UserModel.swift */; };
		DB002B5222FA1D88007ED1CF /* TableView+RegisterCell.swift in Sources */ = {isa = PBXBuildFile; fileRef = DB002B5122FA1D88007ED1CF /* TableView+RegisterCell.swift */; };
		DB002B5422FA20BB007ED1CF /* UIViewController+ActivityIndicator.swift in Sources */ = {isa = PBXBuildFile; fileRef = DB002B5322FA20BB007ED1CF /* UIViewController+ActivityIndicator.swift */; };
		DB0065A122CD2B620015C69A /* AppDelegate.swift in Sources */ = {isa = PBXBuildFile; fileRef = DB0065A022CD2B620015C69A /* AppDelegate.swift */; };
		DB0065A822CD2B640015C69A /* Assets.xcassets in Resources */ = {isa = PBXBuildFile; fileRef = DB0065A722CD2B640015C69A /* Assets.xcassets */; };
		DB0065AB22CD2B640015C69A /* LaunchScreen.storyboard in Resources */ = {isa = PBXBuildFile; fileRef = DB0065A922CD2B640015C69A /* LaunchScreen.storyboard */; };
		DB032C65230307E90066A4AD /* ChatBuilder.swift in Sources */ = {isa = PBXBuildFile; fileRef = DB032C64230307E90066A4AD /* ChatBuilder.swift */; };
		DB03D2E0230F0C5400A92B9C /* Dictionary+toData.swift in Sources */ = {isa = PBXBuildFile; fileRef = DB03D2DF230F0C5400A92B9C /* Dictionary+toData.swift */; };
		DB03D2E2230F0F2400A92B9C /* Data+toJson.swift in Sources */ = {isa = PBXBuildFile; fileRef = DB03D2E1230F0F2400A92B9C /* Data+toJson.swift */; };
		DB03D2E4230F273200A92B9C /* RegisterViewController+ImagePicker.swift in Sources */ = {isa = PBXBuildFile; fileRef = DB03D2E3230F273200A92B9C /* RegisterViewController+ImagePicker.swift */; };
		DB045BDC22CE1BD90098811D /* UsersListViewController.swift in Sources */ = {isa = PBXBuildFile; fileRef = DB045BDB22CE1BD90098811D /* UsersListViewController.swift */; };
		DB045BDF22CE1C4D0098811D /* UserCell.swift in Sources */ = {isa = PBXBuildFile; fileRef = DB045BDE22CE1C4D0098811D /* UserCell.swift */; };
		DB04F3C222FC4D6E00D37316 /* LoginUserWorker.swift in Sources */ = {isa = PBXBuildFile; fileRef = DB04F3C122FC4D6E00D37316 /* LoginUserWorker.swift */; };
		DB04F3C422FC505800D37316 /* RegisterUserWorker.swift in Sources */ = {isa = PBXBuildFile; fileRef = DB04F3C322FC505800D37316 /* RegisterUserWorker.swift */; };
		DB0CC2CF2309A1FB000066E5 /* ChatPresenter.swift in Sources */ = {isa = PBXBuildFile; fileRef = DB0CC2CE2309A1FB000066E5 /* ChatPresenter.swift */; };
		DB0CC2D12309A210000066E5 /* ChatInteractor.swift in Sources */ = {isa = PBXBuildFile; fileRef = DB0CC2D02309A210000066E5 /* ChatInteractor.swift */; };
		DB0CC2D32309A256000066E5 /* ChatProtocols.swift in Sources */ = {isa = PBXBuildFile; fileRef = DB0CC2D22309A256000066E5 /* ChatProtocols.swift */; };
		DB0CC2D52309A8B5000066E5 /* ChatFlow.swift in Sources */ = {isa = PBXBuildFile; fileRef = DB0CC2D42309A8B5000066E5 /* ChatFlow.swift */; };
		DB0CC2D72309B557000066E5 /* ChatTableDataSource.swift in Sources */ = {isa = PBXBuildFile; fileRef = DB0CC2D62309B557000066E5 /* ChatTableDataSource.swift */; };
		DB0CC2D92309CF77000066E5 /* String+isEmptyOrWhitespace.swift in Sources */ = {isa = PBXBuildFile; fileRef = DB0CC2D82309CF77000066E5 /* String+isEmptyOrWhitespace.swift */; };
		DB0F496E22FD97770032B913 /* CommonError.swift in Sources */ = {isa = PBXBuildFile; fileRef = DB0F496D22FD97770032B913 /* CommonError.swift */; };
		DB0FED6322F21F88006ADD3F /* RegisterBuilder.swift in Sources */ = {isa = PBXBuildFile; fileRef = DB0FED6222F21F88006ADD3F /* RegisterBuilder.swift */; };
		DB0FED6522F21F9F006ADD3F /* RegisterPresenter.swift in Sources */ = {isa = PBXBuildFile; fileRef = DB0FED6422F21F9F006ADD3F /* RegisterPresenter.swift */; };
		DB0FED6722F21FC0006ADD3F /* RegisterInteractor.swift in Sources */ = {isa = PBXBuildFile; fileRef = DB0FED6622F21FC0006ADD3F /* RegisterInteractor.swift */; };
		DB0FED6922F21FF3006ADD3F /* RegisterViewController.swift in Sources */ = {isa = PBXBuildFile; fileRef = DB0FED6822F21FF3006ADD3F /* RegisterViewController.swift */; };
		DB0FED6B22F2200B006ADD3F /* RegisterView.swift in Sources */ = {isa = PBXBuildFile; fileRef = DB0FED6A22F2200B006ADD3F /* RegisterView.swift */; };
		DB0FED6D22F22140006ADD3F /* RegisterProtocols.swift in Sources */ = {isa = PBXBuildFile; fileRef = DB0FED6C22F22140006ADD3F /* RegisterProtocols.swift */; };
		DB0FED6F22F221B7006ADD3F /* RegisterViewController+Configuration.swift in Sources */ = {isa = PBXBuildFile; fileRef = DB0FED6E22F221B7006ADD3F /* RegisterViewController+Configuration.swift */; };
		DB0FED7122F22203006ADD3F /* RegisterFlow.swift in Sources */ = {isa = PBXBuildFile; fileRef = DB0FED7022F22203006ADD3F /* RegisterFlow.swift */; };
		DB10623022FAA7F100A24E5F /* AccountController.swift in Sources */ = {isa = PBXBuildFile; fileRef = DB10622F22FAA7F100A24E5F /* AccountController.swift */; };
		DB10623222FAF18100A24E5F /* ChatViewController.swift in Sources */ = {isa = PBXBuildFile; fileRef = DB10623122FAF18100A24E5F /* ChatViewController.swift */; };
		DB10623422FAF1B600A24E5F /* ChatView.swift in Sources */ = {isa = PBXBuildFile; fileRef = DB10623322FAF1B600A24E5F /* ChatView.swift */; };
		DB10623622FB17B800A24E5F /* MessageModel.swift in Sources */ = {isa = PBXBuildFile; fileRef = DB10623522FB17B800A24E5F /* MessageModel.swift */; };
		DB2D373522E7814D008AEAAE /* GoogleService-Info.plist in Resources */ = {isa = PBXBuildFile; fileRef = DB2D373422E7814D008AEAAE /* GoogleService-Info.plist */; };
		DB2D373822E78288008AEAAE /* LoginViewController.swift in Sources */ = {isa = PBXBuildFile; fileRef = DB2D373722E78288008AEAAE /* LoginViewController.swift */; };
		DB2D373D22E78318008AEAAE /* LoginPresenter.swift in Sources */ = {isa = PBXBuildFile; fileRef = DB2D373C22E78318008AEAAE /* LoginPresenter.swift */; };
		DB2D373F22E78332008AEAAE /* LoginInteractor.swift in Sources */ = {isa = PBXBuildFile; fileRef = DB2D373E22E78332008AEAAE /* LoginInteractor.swift */; };
		DB2D374122E78624008AEAAE /* LoginView.swift in Sources */ = {isa = PBXBuildFile; fileRef = DB2D374022E78624008AEAAE /* LoginView.swift */; };
		DB2D374322E786EB008AEAAE /* LoginBuilder.swift in Sources */ = {isa = PBXBuildFile; fileRef = DB2D374222E786EB008AEAAE /* LoginBuilder.swift */; };
		DB2D374622E78D53008AEAAE /* LoginViewController+Configuration.swift in Sources */ = {isa = PBXBuildFile; fileRef = DB2D374522E78D53008AEAAE /* LoginViewController+Configuration.swift */; };
		DB2D374822E7913F008AEAAE /* LoginProtocols.swift in Sources */ = {isa = PBXBuildFile; fileRef = DB2D374722E7913F008AEAAE /* LoginProtocols.swift */; };
		DB2D374A22E79527008AEAAE /* LoginFlow.swift in Sources */ = {isa = PBXBuildFile; fileRef = DB2D374922E79527008AEAAE /* LoginFlow.swift */; };
		DB34EE6822D6341100E140DC /* UsersListViewController+TableViewDelegates.swift in Sources */ = {isa = PBXBuildFile; fileRef = DB34EE6722D6341100E140DC /* UsersListViewController+TableViewDelegates.swift */; };
		DBC1256822D76D0B0019A1F8 /* UserCell.xib in Resources */ = {isa = PBXBuildFile; fileRef = DBC1256722D76D0B0019A1F8 /* UserCell.xib */; };
		DBFE487F2315BAA600E8F94C /* BaseManager.swift in Sources */ = {isa = PBXBuildFile; fileRef = DBFE487E2315BAA600E8F94C /* BaseManager.swift */; };
		DBFE48812315BB9600E8F94C /* UsersDataManager.swift in Sources */ = {isa = PBXBuildFile; fileRef = DBFE48802315BB9600E8F94C /* UsersDataManager.swift */; };
		DBFE4B9322FB4DDB0008305E /* ChatCell.swift in Sources */ = {isa = PBXBuildFile; fileRef = DBFE4B9222FB4DDB0008305E /* ChatCell.swift */; };
		DBFE4B9522FB4E390008305E /* ChatCell.xib in Resources */ = {isa = PBXBuildFile; fileRef = DBFE4B9422FB4E390008305E /* ChatCell.xib */; };
		DBFFE58323048160000F3B55 /* ChatViewController+Configuration.swift in Sources */ = {isa = PBXBuildFile; fileRef = DBFFE58223048160000F3B55 /* ChatViewController+Configuration.swift */; };
		FB3CFD075968CD349FC7C52D /* Pods_FindYours.framework in Frameworks */ = {isa = PBXBuildFile; fileRef = 3CFC01C4197F5335E6A939ED /* Pods_FindYours.framework */; };
/* End PBXBuildFile section */

/* Begin PBXFileReference section */
		3CFC01C4197F5335E6A939ED /* Pods_FindYours.framework */ = {isa = PBXFileReference; explicitFileType = wrapper.framework; includeInIndex = 0; path = Pods_FindYours.framework; sourceTree = BUILT_PRODUCTS_DIR; };
		5F3478AFD4AF8405B91D83F9 /* Pods-FindYours.debug.xcconfig */ = {isa = PBXFileReference; includeInIndex = 1; lastKnownFileType = text.xcconfig; name = "Pods-FindYours.debug.xcconfig"; path = "Pods/Target Support Files/Pods-FindYours/Pods-FindYours.debug.xcconfig"; sourceTree = "<group>"; };
		60FB78443D97820FCB538FA4 /* Pods-FindYours.release.xcconfig */ = {isa = PBXFileReference; includeInIndex = 1; lastKnownFileType = text.xcconfig; name = "Pods-FindYours.release.xcconfig"; path = "Pods/Target Support Files/Pods-FindYours/Pods-FindYours.release.xcconfig"; sourceTree = "<group>"; };
		DB002B4122F9FB40007ED1CF /* MessagesDatabaseManager.swift */ = {isa = PBXFileReference; lastKnownFileType = sourcecode.swift; path = MessagesDatabaseManager.swift; sourceTree = "<group>"; };
		DB002B4622FA066B007ED1CF /* TabBarController.swift */ = {isa = PBXFileReference; lastKnownFileType = sourcecode.swift; path = TabBarController.swift; sourceTree = "<group>"; };
		DB002B4A22FA070A007ED1CF /* UsersListBuilder.swift */ = {isa = PBXFileReference; lastKnownFileType = sourcecode.swift; path = UsersListBuilder.swift; sourceTree = "<group>"; };
		DB002B4E22FA0B9C007ED1CF /* UserModel.swift */ = {isa = PBXFileReference; lastKnownFileType = sourcecode.swift; path = UserModel.swift; sourceTree = "<group>"; };
		DB002B5122FA1D88007ED1CF /* TableView+RegisterCell.swift */ = {isa = PBXFileReference; lastKnownFileType = sourcecode.swift; path = "TableView+RegisterCell.swift"; sourceTree = "<group>"; };
		DB002B5322FA20BB007ED1CF /* UIViewController+ActivityIndicator.swift */ = {isa = PBXFileReference; lastKnownFileType = sourcecode.swift; path = "UIViewController+ActivityIndicator.swift"; sourceTree = "<group>"; };
		DB00659D22CD2B620015C69A /* FindYours.app */ = {isa = PBXFileReference; explicitFileType = wrapper.application; includeInIndex = 0; path = FindYours.app; sourceTree = BUILT_PRODUCTS_DIR; };
		DB0065A022CD2B620015C69A /* AppDelegate.swift */ = {isa = PBXFileReference; lastKnownFileType = sourcecode.swift; path = AppDelegate.swift; sourceTree = "<group>"; };
		DB0065A722CD2B640015C69A /* Assets.xcassets */ = {isa = PBXFileReference; lastKnownFileType = folder.assetcatalog; path = Assets.xcassets; sourceTree = "<group>"; };
		DB0065AA22CD2B640015C69A /* Base */ = {isa = PBXFileReference; lastKnownFileType = file.storyboard; name = Base; path = Base.lproj/LaunchScreen.storyboard; sourceTree = "<group>"; };
		DB0065AC22CD2B640015C69A /* Info.plist */ = {isa = PBXFileReference; lastKnownFileType = text.plist.xml; path = Info.plist; sourceTree = "<group>"; };
		DB032C64230307E90066A4AD /* ChatBuilder.swift */ = {isa = PBXFileReference; lastKnownFileType = sourcecode.swift; path = ChatBuilder.swift; sourceTree = "<group>"; };
		DB03D2DF230F0C5400A92B9C /* Dictionary+toData.swift */ = {isa = PBXFileReference; lastKnownFileType = sourcecode.swift; path = "Dictionary+toData.swift"; sourceTree = "<group>"; };
		DB03D2E1230F0F2400A92B9C /* Data+toJson.swift */ = {isa = PBXFileReference; lastKnownFileType = sourcecode.swift; path = "Data+toJson.swift"; sourceTree = "<group>"; };
		DB03D2E3230F273200A92B9C /* RegisterViewController+ImagePicker.swift */ = {isa = PBXFileReference; lastKnownFileType = sourcecode.swift; path = "RegisterViewController+ImagePicker.swift"; sourceTree = "<group>"; };
		DB045BDB22CE1BD90098811D /* UsersListViewController.swift */ = {isa = PBXFileReference; lastKnownFileType = sourcecode.swift; path = UsersListViewController.swift; sourceTree = "<group>"; };
		DB045BDE22CE1C4D0098811D /* UserCell.swift */ = {isa = PBXFileReference; lastKnownFileType = sourcecode.swift; path = UserCell.swift; sourceTree = "<group>"; };
		DB04F3C122FC4D6E00D37316 /* LoginUserWorker.swift */ = {isa = PBXFileReference; lastKnownFileType = sourcecode.swift; path = LoginUserWorker.swift; sourceTree = "<group>"; };
		DB04F3C322FC505800D37316 /* RegisterUserWorker.swift */ = {isa = PBXFileReference; lastKnownFileType = sourcecode.swift; path = RegisterUserWorker.swift; sourceTree = "<group>"; };
		DB0CC2CE2309A1FB000066E5 /* ChatPresenter.swift */ = {isa = PBXFileReference; lastKnownFileType = sourcecode.swift; path = ChatPresenter.swift; sourceTree = "<group>"; };
		DB0CC2D02309A210000066E5 /* ChatInteractor.swift */ = {isa = PBXFileReference; lastKnownFileType = sourcecode.swift; path = ChatInteractor.swift; sourceTree = "<group>"; };
		DB0CC2D22309A256000066E5 /* ChatProtocols.swift */ = {isa = PBXFileReference; lastKnownFileType = sourcecode.swift; path = ChatProtocols.swift; sourceTree = "<group>"; };
		DB0CC2D42309A8B5000066E5 /* ChatFlow.swift */ = {isa = PBXFileReference; lastKnownFileType = sourcecode.swift; path = ChatFlow.swift; sourceTree = "<group>"; };
		DB0CC2D62309B557000066E5 /* ChatTableDataSource.swift */ = {isa = PBXFileReference; lastKnownFileType = sourcecode.swift; path = ChatTableDataSource.swift; sourceTree = "<group>"; };
		DB0CC2D82309CF77000066E5 /* String+isEmptyOrWhitespace.swift */ = {isa = PBXFileReference; lastKnownFileType = sourcecode.swift; path = "String+isEmptyOrWhitespace.swift"; sourceTree = "<group>"; };
		DB0F496D22FD97770032B913 /* CommonError.swift */ = {isa = PBXFileReference; lastKnownFileType = sourcecode.swift; path = CommonError.swift; sourceTree = "<group>"; };
		DB0FED6222F21F88006ADD3F /* RegisterBuilder.swift */ = {isa = PBXFileReference; lastKnownFileType = sourcecode.swift; path = RegisterBuilder.swift; sourceTree = "<group>"; };
		DB0FED6422F21F9F006ADD3F /* RegisterPresenter.swift */ = {isa = PBXFileReference; lastKnownFileType = sourcecode.swift; path = RegisterPresenter.swift; sourceTree = "<group>"; };
		DB0FED6622F21FC0006ADD3F /* RegisterInteractor.swift */ = {isa = PBXFileReference; lastKnownFileType = sourcecode.swift; path = RegisterInteractor.swift; sourceTree = "<group>"; };
		DB0FED6822F21FF3006ADD3F /* RegisterViewController.swift */ = {isa = PBXFileReference; lastKnownFileType = sourcecode.swift; path = RegisterViewController.swift; sourceTree = "<group>"; };
		DB0FED6A22F2200B006ADD3F /* RegisterView.swift */ = {isa = PBXFileReference; lastKnownFileType = sourcecode.swift; path = RegisterView.swift; sourceTree = "<group>"; };
		DB0FED6C22F22140006ADD3F /* RegisterProtocols.swift */ = {isa = PBXFileReference; lastKnownFileType = sourcecode.swift; path = RegisterProtocols.swift; sourceTree = "<group>"; };
		DB0FED6E22F221B7006ADD3F /* RegisterViewController+Configuration.swift */ = {isa = PBXFileReference; lastKnownFileType = sourcecode.swift; path = "RegisterViewController+Configuration.swift"; sourceTree = "<group>"; };
		DB0FED7022F22203006ADD3F /* RegisterFlow.swift */ = {isa = PBXFileReference; lastKnownFileType = sourcecode.swift; path = RegisterFlow.swift; sourceTree = "<group>"; };
		DB10622F22FAA7F100A24E5F /* AccountController.swift */ = {isa = PBXFileReference; lastKnownFileType = sourcecode.swift; path = AccountController.swift; sourceTree = "<group>"; };
		DB10623122FAF18100A24E5F /* ChatViewController.swift */ = {isa = PBXFileReference; lastKnownFileType = sourcecode.swift; path = ChatViewController.swift; sourceTree = "<group>"; };
		DB10623322FAF1B600A24E5F /* ChatView.swift */ = {isa = PBXFileReference; lastKnownFileType = sourcecode.swift; path = ChatView.swift; sourceTree = "<group>"; };
		DB10623522FB17B800A24E5F /* MessageModel.swift */ = {isa = PBXFileReference; lastKnownFileType = sourcecode.swift; path = MessageModel.swift; sourceTree = "<group>"; };
		DB2D373422E7814D008AEAAE /* GoogleService-Info.plist */ = {isa = PBXFileReference; fileEncoding = 4; lastKnownFileType = text.plist.xml; path = "GoogleService-Info.plist"; sourceTree = "<group>"; };
		DB2D373722E78288008AEAAE /* LoginViewController.swift */ = {isa = PBXFileReference; lastKnownFileType = sourcecode.swift; path = LoginViewController.swift; sourceTree = "<group>"; };
		DB2D373C22E78318008AEAAE /* LoginPresenter.swift */ = {isa = PBXFileReference; lastKnownFileType = sourcecode.swift; path = LoginPresenter.swift; sourceTree = "<group>"; };
		DB2D373E22E78332008AEAAE /* LoginInteractor.swift */ = {isa = PBXFileReference; lastKnownFileType = sourcecode.swift; path = LoginInteractor.swift; sourceTree = "<group>"; };
		DB2D374022E78624008AEAAE /* LoginView.swift */ = {isa = PBXFileReference; lastKnownFileType = sourcecode.swift; path = LoginView.swift; sourceTree = "<group>"; };
		DB2D374222E786EB008AEAAE /* LoginBuilder.swift */ = {isa = PBXFileReference; lastKnownFileType = sourcecode.swift; path = LoginBuilder.swift; sourceTree = "<group>"; };
		DB2D374522E78D53008AEAAE /* LoginViewController+Configuration.swift */ = {isa = PBXFileReference; lastKnownFileType = sourcecode.swift; path = "LoginViewController+Configuration.swift"; sourceTree = "<group>"; };
		DB2D374722E7913F008AEAAE /* LoginProtocols.swift */ = {isa = PBXFileReference; lastKnownFileType = sourcecode.swift; path = LoginProtocols.swift; sourceTree = "<group>"; };
		DB2D374922E79527008AEAAE /* LoginFlow.swift */ = {isa = PBXFileReference; lastKnownFileType = sourcecode.swift; path = LoginFlow.swift; sourceTree = "<group>"; };
		DB34EE6722D6341100E140DC /* UsersListViewController+TableViewDelegates.swift */ = {isa = PBXFileReference; lastKnownFileType = sourcecode.swift; path = "UsersListViewController+TableViewDelegates.swift"; sourceTree = "<group>"; };
		DBC1256722D76D0B0019A1F8 /* UserCell.xib */ = {isa = PBXFileReference; lastKnownFileType = file.xib; path = UserCell.xib; sourceTree = "<group>"; };
		DBFE487E2315BAA600E8F94C /* BaseManager.swift */ = {isa = PBXFileReference; lastKnownFileType = sourcecode.swift; path = BaseManager.swift; sourceTree = "<group>"; };
		DBFE48802315BB9600E8F94C /* UsersDataManager.swift */ = {isa = PBXFileReference; lastKnownFileType = sourcecode.swift; path = UsersDataManager.swift; sourceTree = "<group>"; };
		DBFE4B9222FB4DDB0008305E /* ChatCell.swift */ = {isa = PBXFileReference; lastKnownFileType = sourcecode.swift; path = ChatCell.swift; sourceTree = "<group>"; };
		DBFE4B9422FB4E390008305E /* ChatCell.xib */ = {isa = PBXFileReference; lastKnownFileType = file.xib; path = ChatCell.xib; sourceTree = "<group>"; };
		DBFFE58223048160000F3B55 /* ChatViewController+Configuration.swift */ = {isa = PBXFileReference; lastKnownFileType = sourcecode.swift; path = "ChatViewController+Configuration.swift"; sourceTree = "<group>"; };
/* End PBXFileReference section */

/* Begin PBXFrameworksBuildPhase section */
		DB00659A22CD2B620015C69A /* Frameworks */ = {
			isa = PBXFrameworksBuildPhase;
			buildActionMask = 2147483647;
			files = (
				FB3CFD075968CD349FC7C52D /* Pods_FindYours.framework in Frameworks */,
			);
			runOnlyForDeploymentPostprocessing = 0;
		};
/* End PBXFrameworksBuildPhase section */

/* Begin PBXGroup section */
		B8943A69ADCD5F19E43A4B8A /* Frameworks */ = {
			isa = PBXGroup;
			children = (
				3CFC01C4197F5335E6A939ED /* Pods_FindYours.framework */,
			);
			name = Frameworks;
			sourceTree = "<group>";
		};
		DB002B3F22F9F0DA007ED1CF /* Modules */ = {
			isa = PBXGroup;
			children = (
				DB002B4322FA05F2007ED1CF /* Onboarding */,
				DB002B4422FA0629007ED1CF /* Logged In */,
			);
			path = Modules;
			sourceTree = "<group>";
		};
		DB002B4022F9FB2E007ED1CF /* Managers */ = {
			isa = PBXGroup;
			children = (
				DB002B4122F9FB40007ED1CF /* MessagesDatabaseManager.swift */,
				DBFE48802315BB9600E8F94C /* UsersDataManager.swift */,
				DBFE487E2315BAA600E8F94C /* BaseManager.swift */,
			);
			path = Managers;
			sourceTree = "<group>";
		};
		DB002B4322FA05F2007ED1CF /* Onboarding */ = {
			isa = PBXGroup;
			children = (
				DB0FED5D22F21F48006ADD3F /* Register */,
				DB2D373622E78277008AEAAE /* Login */,
			);
			path = Onboarding;
			sourceTree = "<group>";
		};
		DB002B4422FA0629007ED1CF /* Logged In */ = {
			isa = PBXGroup;
			children = (
				DB002B4522FA0652007ED1CF /* Tab bar */,
				DB045BDD22CE1C270098811D /* Users List */,
				DBFE4B9122FB4DB00008305E /* Chat */,
			);
			path = "Logged In";
			sourceTree = "<group>";
		};
		DB002B4522FA0652007ED1CF /* Tab bar */ = {
			isa = PBXGroup;
			children = (
				DB002B4622FA066B007ED1CF /* TabBarController.swift */,
			);
			path = "Tab bar";
			sourceTree = "<group>";
		};
		DB002B4822FA06DB007ED1CF /* View */ = {
			isa = PBXGroup;
			children = (
				DB045BDB22CE1BD90098811D /* UsersListViewController.swift */,
				DB34EE6722D6341100E140DC /* UsersListViewController+TableViewDelegates.swift */,
				DB045BDE22CE1C4D0098811D /* UserCell.swift */,
				DBC1256722D76D0B0019A1F8 /* UserCell.xib */,
			);
			path = View;
			sourceTree = "<group>";
		};
		DB002B4922FA06EF007ED1CF /* Builder */ = {
			isa = PBXGroup;
			children = (
				DB002B4A22FA070A007ED1CF /* UsersListBuilder.swift */,
			);
			path = Builder;
			sourceTree = "<group>";
		};
		DB002B4C22FA0B81007ED1CF /* Data */ = {
			isa = PBXGroup;
			children = (
				DB04F3C022FC4D5700D37316 /* Workers */,
				DB002B4D22FA0B8A007ED1CF /* Models */,
				DB002B4022F9FB2E007ED1CF /* Managers */,
				DB10622F22FAA7F100A24E5F /* AccountController.swift */,
				DB0F496D22FD97770032B913 /* CommonError.swift */,
			);
			path = Data;
			sourceTree = "<group>";
		};
		DB002B4D22FA0B8A007ED1CF /* Models */ = {
			isa = PBXGroup;
			children = (
				DB002B4E22FA0B9C007ED1CF /* UserModel.swift */,
				DB10623522FB17B800A24E5F /* MessageModel.swift */,
			);
			path = Models;
			sourceTree = "<group>";
		};
		DB002B5022FA1D68007ED1CF /* Extensions */ = {
			isa = PBXGroup;
			children = (
				DB002B5122FA1D88007ED1CF /* TableView+RegisterCell.swift */,
				DB002B5322FA20BB007ED1CF /* UIViewController+ActivityIndicator.swift */,
				DB0CC2D82309CF77000066E5 /* String+isEmptyOrWhitespace.swift */,
				DB03D2DF230F0C5400A92B9C /* Dictionary+toData.swift */,
				DB03D2E1230F0F2400A92B9C /* Data+toJson.swift */,
			);
			path = Extensions;
			sourceTree = "<group>";
		};
		DB00659422CD2B620015C69A = {
			isa = PBXGroup;
			children = (
				DB00659F22CD2B620015C69A /* FindYours */,
				DB00659E22CD2B620015C69A /* Products */,
				F92D494F4A399FB318568E05 /* Pods */,
				B8943A69ADCD5F19E43A4B8A /* Frameworks */,
			);
			sourceTree = "<group>";
		};
		DB00659E22CD2B620015C69A /* Products */ = {
			isa = PBXGroup;
			children = (
				DB00659D22CD2B620015C69A /* FindYours.app */,
			);
			name = Products;
			sourceTree = "<group>";
		};
		DB00659F22CD2B620015C69A /* FindYours */ = {
			isa = PBXGroup;
			children = (
				DB01D705230B13CD00F1E4F3 /* Application */,
				DB01D704230B134D00F1E4F3 /* Resources */,
				DB002B5022FA1D68007ED1CF /* Extensions */,
				DB002B4C22FA0B81007ED1CF /* Data */,
				DB002B3F22F9F0DA007ED1CF /* Modules */,
			);
			path = FindYours;
			sourceTree = "<group>";
		};
		DB01D704230B134D00F1E4F3 /* Resources */ = {
			isa = PBXGroup;
			children = (
				DB0065A722CD2B640015C69A /* Assets.xcassets */,
				DB0065A922CD2B640015C69A /* LaunchScreen.storyboard */,
			);
			path = Resources;
			sourceTree = "<group>";
		};
		DB01D705230B13CD00F1E4F3 /* Application */ = {
			isa = PBXGroup;
			children = (
				DB0065A022CD2B620015C69A /* AppDelegate.swift */,
				DB0065AC22CD2B640015C69A /* Info.plist */,
				DB2D373422E7814D008AEAAE /* GoogleService-Info.plist */,
			);
			name = Application;
			sourceTree = "<group>";
		};
		DB045BDD22CE1C270098811D /* Users List */ = {
			isa = PBXGroup;
			children = (
				DB002B4822FA06DB007ED1CF /* View */,
				DBFE48832315BF6F00E8F94C /* Business Logic */,
				DBFE48822315BF5700E8F94C /* Presentation Logic */,
				DB002B4922FA06EF007ED1CF /* Builder */,
			);
			path = "Users List";
			sourceTree = "<group>";
		};
		DB04F3C022FC4D5700D37316 /* Workers */ = {
			isa = PBXGroup;
			children = (
				DB04F3C122FC4D6E00D37316 /* LoginUserWorker.swift */,
				DB04F3C322FC505800D37316 /* RegisterUserWorker.swift */,
			);
			path = Workers;
			sourceTree = "<group>";
		};
		DB0FED5D22F21F48006ADD3F /* Register */ = {
			isa = PBXGroup;
			children = (
				DB0FED6122F21F75006ADD3F /* View */,
				DB0FED6022F21F68006ADD3F /* Bussiness Logic */,
				DB0FED5F22F21F5B006ADD3F /* Presentation Logic */,
				DB0FED5E22F21F55006ADD3F /* Builder */,
				DB0FED6C22F22140006ADD3F /* RegisterProtocols.swift */,
				DB0FED7022F22203006ADD3F /* RegisterFlow.swift */,
			);
			path = Register;
			sourceTree = "<group>";
		};
		DB0FED5E22F21F55006ADD3F /* Builder */ = {
			isa = PBXGroup;
			children = (
				DB0FED6222F21F88006ADD3F /* RegisterBuilder.swift */,
			);
			path = Builder;
			sourceTree = "<group>";
		};
		DB0FED5F22F21F5B006ADD3F /* Presentation Logic */ = {
			isa = PBXGroup;
			children = (
				DB0FED6422F21F9F006ADD3F /* RegisterPresenter.swift */,
			);
			path = "Presentation Logic";
			sourceTree = "<group>";
		};
		DB0FED6022F21F68006ADD3F /* Bussiness Logic */ = {
			isa = PBXGroup;
			children = (
				DB0FED6622F21FC0006ADD3F /* RegisterInteractor.swift */,
			);
			path = "Bussiness Logic";
			sourceTree = "<group>";
		};
		DB0FED6122F21F75006ADD3F /* View */ = {
			isa = PBXGroup;
			children = (
				DB0FED6822F21FF3006ADD3F /* RegisterViewController.swift */,
				DB0FED6A22F2200B006ADD3F /* RegisterView.swift */,
				DB0FED6E22F221B7006ADD3F /* RegisterViewController+Configuration.swift */,
				DB03D2E3230F273200A92B9C /* RegisterViewController+ImagePicker.swift */,
			);
			path = View;
			sourceTree = "<group>";
		};
		DB2D373622E78277008AEAAE /* Login */ = {
			isa = PBXGroup;
			children = (
				DB2D373922E782ED008AEAAE /* View */,
				DB2D373A22E782F7008AEAAE /* Business Logic */,
				DB2D373B22E78300008AEAAE /* Presentation Logic */,
				DB2D374422E786FC008AEAAE /* Builder */,
				DB2D374722E7913F008AEAAE /* LoginProtocols.swift */,
				DB2D374922E79527008AEAAE /* LoginFlow.swift */,
			);
			path = Login;
			sourceTree = "<group>";
		};
		DB2D373922E782ED008AEAAE /* View */ = {
			isa = PBXGroup;
			children = (
				DB2D373722E78288008AEAAE /* LoginViewController.swift */,
				DB2D374022E78624008AEAAE /* LoginView.swift */,
				DB2D374522E78D53008AEAAE /* LoginViewController+Configuration.swift */,
			);
			path = View;
			sourceTree = "<group>";
		};
		DB2D373A22E782F7008AEAAE /* Business Logic */ = {
			isa = PBXGroup;
			children = (
				DB2D373E22E78332008AEAAE /* LoginInteractor.swift */,
			);
			path = "Business Logic";
			sourceTree = "<group>";
		};
		DB2D373B22E78300008AEAAE /* Presentation Logic */ = {
			isa = PBXGroup;
			children = (
				DB2D373C22E78318008AEAAE /* LoginPresenter.swift */,
			);
			path = "Presentation Logic";
			sourceTree = "<group>";
		};
		DB2D374422E786FC008AEAAE /* Builder */ = {
			isa = PBXGroup;
			children = (
				DB2D374222E786EB008AEAAE /* LoginBuilder.swift */,
			);
			path = Builder;
			sourceTree = "<group>";
		};
		DBFE48822315BF5700E8F94C /* Presentation Logic */ = {
			isa = PBXGroup;
			children = (
			);
			path = "Presentation Logic";
			sourceTree = "<group>";
		};
		DBFE48832315BF6F00E8F94C /* Business Logic */ = {
			isa = PBXGroup;
			children = (
			);
			path = "Business Logic";
			sourceTree = "<group>";
		};
		DBFE4B9122FB4DB00008305E /* Chat */ = {
			isa = PBXGroup;
			children = (
				DBFFE586230494F6000F3B55 /* View */,
				DBFFE5882304951B000F3B55 /* Business Logic */,
				DBFFE5892304952B000F3B55 /* Presentation Logic */,
				DBFFE58723049510000F3B55 /* Builder */,
				DB0CC2D22309A256000066E5 /* ChatProtocols.swift */,
				DB0CC2D42309A8B5000066E5 /* ChatFlow.swift */,
			);
			path = Chat;
			sourceTree = "<group>";
		};
		DBFFE586230494F6000F3B55 /* View */ = {
			isa = PBXGroup;
			children = (
				DB10623122FAF18100A24E5F /* ChatViewController.swift */,
				DB0CC2D62309B557000066E5 /* ChatTableDataSource.swift */,
				DBFFE58223048160000F3B55 /* ChatViewController+Configuration.swift */,
				DB10623322FAF1B600A24E5F /* ChatView.swift */,
				DBFE4B9222FB4DDB0008305E /* ChatCell.swift */,
				DBFE4B9422FB4E390008305E /* ChatCell.xib */,
			);
			path = View;
			sourceTree = "<group>";
		};
		DBFFE58723049510000F3B55 /* Builder */ = {
			isa = PBXGroup;
			children = (
				DB032C64230307E90066A4AD /* ChatBuilder.swift */,
			);
			path = Builder;
			sourceTree = "<group>";
		};
		DBFFE5882304951B000F3B55 /* Business Logic */ = {
			isa = PBXGroup;
			children = (
				DB0CC2D02309A210000066E5 /* ChatInteractor.swift */,
			);
			path = "Business Logic";
			sourceTree = "<group>";
		};
		DBFFE5892304952B000F3B55 /* Presentation Logic */ = {
			isa = PBXGroup;
			children = (
				DB0CC2CE2309A1FB000066E5 /* ChatPresenter.swift */,
			);
			path = "Presentation Logic";
			sourceTree = "<group>";
		};
		F92D494F4A399FB318568E05 /* Pods */ = {
			isa = PBXGroup;
			children = (
				5F3478AFD4AF8405B91D83F9 /* Pods-FindYours.debug.xcconfig */,
				60FB78443D97820FCB538FA4 /* Pods-FindYours.release.xcconfig */,
			);
			name = Pods;
			sourceTree = "<group>";
		};
/* End PBXGroup section */

/* Begin PBXNativeTarget section */
		DB00659C22CD2B620015C69A /* FindYours */ = {
			isa = PBXNativeTarget;
			buildConfigurationList = DB0065AF22CD2B640015C69A /* Build configuration list for PBXNativeTarget "FindYours" */;
			buildPhases = (
				5A29975CA77F4DFB9D5FD86F /* [CP] Check Pods Manifest.lock */,
				DB00659922CD2B620015C69A /* Sources */,
				DB00659A22CD2B620015C69A /* Frameworks */,
				DB00659B22CD2B620015C69A /* Resources */,
				D3A86FD52482EC009F950237 /* [CP] Embed Pods Frameworks */,
			);
			buildRules = (
			);
			dependencies = (
			);
			name = FindYours;
			productName = FindYours;
			productReference = DB00659D22CD2B620015C69A /* FindYours.app */;
			productType = "com.apple.product-type.application";
		};
/* End PBXNativeTarget section */

/* Begin PBXProject section */
		DB00659522CD2B620015C69A /* Project object */ = {
			isa = PBXProject;
			attributes = {
				LastSwiftUpdateCheck = 1020;
				LastUpgradeCheck = 1020;
				ORGANIZATIONNAME = FindYours;
				TargetAttributes = {
					DB00659C22CD2B620015C69A = {
						CreatedOnToolsVersion = 10.2.1;
					};
				};
			};
			buildConfigurationList = DB00659822CD2B620015C69A /* Build configuration list for PBXProject "FindYours" */;
			compatibilityVersion = "Xcode 9.3";
			developmentRegion = en;
			hasScannedForEncodings = 0;
			knownRegions = (
				en,
				Base,
			);
			mainGroup = DB00659422CD2B620015C69A;
			productRefGroup = DB00659E22CD2B620015C69A /* Products */;
			projectDirPath = "";
			projectRoot = "";
			targets = (
				DB00659C22CD2B620015C69A /* FindYours */,
			);
		};
/* End PBXProject section */

/* Begin PBXResourcesBuildPhase section */
		DB00659B22CD2B620015C69A /* Resources */ = {
			isa = PBXResourcesBuildPhase;
			buildActionMask = 2147483647;
			files = (
				DB0065AB22CD2B640015C69A /* LaunchScreen.storyboard in Resources */,
				DBFE4B9522FB4E390008305E /* ChatCell.xib in Resources */,
				DBC1256822D76D0B0019A1F8 /* UserCell.xib in Resources */,
				DB2D373522E7814D008AEAAE /* GoogleService-Info.plist in Resources */,
				DB0065A822CD2B640015C69A /* Assets.xcassets in Resources */,
			);
			runOnlyForDeploymentPostprocessing = 0;
		};
/* End PBXResourcesBuildPhase section */

/* Begin PBXShellScriptBuildPhase section */
		5A29975CA77F4DFB9D5FD86F /* [CP] Check Pods Manifest.lock */ = {
			isa = PBXShellScriptBuildPhase;
			buildActionMask = 2147483647;
			files = (
			);
			inputFileListPaths = (
			);
			inputPaths = (
				"${PODS_PODFILE_DIR_PATH}/Podfile.lock",
				"${PODS_ROOT}/Manifest.lock",
			);
			name = "[CP] Check Pods Manifest.lock";
			outputFileListPaths = (
			);
			outputPaths = (
				"$(DERIVED_FILE_DIR)/Pods-FindYours-checkManifestLockResult.txt",
			);
			runOnlyForDeploymentPostprocessing = 0;
			shellPath = /bin/sh;
			shellScript = "diff \"${PODS_PODFILE_DIR_PATH}/Podfile.lock\" \"${PODS_ROOT}/Manifest.lock\" > /dev/null\nif [ $? != 0 ] ; then\n    # print error to STDERR\n    echo \"error: The sandbox is not in sync with the Podfile.lock. Run 'pod install' or update your CocoaPods installation.\" >&2\n    exit 1\nfi\n# This output is used by Xcode 'outputs' to avoid re-running this script phase.\necho \"SUCCESS\" > \"${SCRIPT_OUTPUT_FILE_0}\"\n";
			showEnvVarsInLog = 0;
		};
		D3A86FD52482EC009F950237 /* [CP] Embed Pods Frameworks */ = {
			isa = PBXShellScriptBuildPhase;
			buildActionMask = 2147483647;
			files = (
			);
			inputFileListPaths = (
			);
			inputPaths = (
				"${SRCROOT}/Pods/Target Support Files/Pods-FindYours/Pods-FindYours-frameworks.sh",
				"${BUILT_PRODUCTS_DIR}/Alamofire/Alamofire.framework",
				"${BUILT_PRODUCTS_DIR}/AlamofireImage/AlamofireImage.framework",
				"${BUILT_PRODUCTS_DIR}/BoringSSL-GRPC/openssl_grpc.framework",
				"${BUILT_PRODUCTS_DIR}/GTMSessionFetcher/GTMSessionFetcher.framework",
				"${BUILT_PRODUCTS_DIR}/GoogleUtilities/GoogleUtilities.framework",
				"${BUILT_PRODUCTS_DIR}/NVActivityIndicatorView/NVActivityIndicatorView.framework",
				"${BUILT_PRODUCTS_DIR}/Protobuf/Protobuf.framework",
				"${BUILT_PRODUCTS_DIR}/UITextView+Placeholder/UITextView_Placeholder.framework",
				"${BUILT_PRODUCTS_DIR}/gRPC-C++/grpcpp.framework",
				"${BUILT_PRODUCTS_DIR}/gRPC-Core/grpc.framework",
				"${BUILT_PRODUCTS_DIR}/leveldb-library/leveldb.framework",
				"${BUILT_PRODUCTS_DIR}/nanopb/nanopb.framework",
			);
			name = "[CP] Embed Pods Frameworks";
			outputFileListPaths = (
			);
			outputPaths = (
				"${TARGET_BUILD_DIR}/${FRAMEWORKS_FOLDER_PATH}/Alamofire.framework",
				"${TARGET_BUILD_DIR}/${FRAMEWORKS_FOLDER_PATH}/AlamofireImage.framework",
				"${TARGET_BUILD_DIR}/${FRAMEWORKS_FOLDER_PATH}/openssl_grpc.framework",
				"${TARGET_BUILD_DIR}/${FRAMEWORKS_FOLDER_PATH}/GTMSessionFetcher.framework",
				"${TARGET_BUILD_DIR}/${FRAMEWORKS_FOLDER_PATH}/GoogleUtilities.framework",
				"${TARGET_BUILD_DIR}/${FRAMEWORKS_FOLDER_PATH}/NVActivityIndicatorView.framework",
				"${TARGET_BUILD_DIR}/${FRAMEWORKS_FOLDER_PATH}/Protobuf.framework",
				"${TARGET_BUILD_DIR}/${FRAMEWORKS_FOLDER_PATH}/UITextView_Placeholder.framework",
				"${TARGET_BUILD_DIR}/${FRAMEWORKS_FOLDER_PATH}/grpcpp.framework",
				"${TARGET_BUILD_DIR}/${FRAMEWORKS_FOLDER_PATH}/grpc.framework",
				"${TARGET_BUILD_DIR}/${FRAMEWORKS_FOLDER_PATH}/leveldb.framework",
				"${TARGET_BUILD_DIR}/${FRAMEWORKS_FOLDER_PATH}/nanopb.framework",
			);
			runOnlyForDeploymentPostprocessing = 0;
			shellPath = /bin/sh;
			shellScript = "\"${SRCROOT}/Pods/Target Support Files/Pods-FindYours/Pods-FindYours-frameworks.sh\"\n";
			showEnvVarsInLog = 0;
		};
/* End PBXShellScriptBuildPhase section */

/* Begin PBXSourcesBuildPhase section */
		DB00659922CD2B620015C69A /* Sources */ = {
			isa = PBXSourcesBuildPhase;
			buildActionMask = 2147483647;
			files = (
				DB045BDC22CE1BD90098811D /* UsersListViewController.swift in Sources */,
				DB045BDF22CE1C4D0098811D /* UserCell.swift in Sources */,
				DB0CC2D12309A210000066E5 /* ChatInteractor.swift in Sources */,
				DB0FED7122F22203006ADD3F /* RegisterFlow.swift in Sources */,
				DBFE487F2315BAA600E8F94C /* BaseManager.swift in Sources */,
				DB03D2E0230F0C5400A92B9C /* Dictionary+toData.swift in Sources */,
				DB0FED6D22F22140006ADD3F /* RegisterProtocols.swift in Sources */,
				DB03D2E4230F273200A92B9C /* RegisterViewController+ImagePicker.swift in Sources */,
				DB0FED6322F21F88006ADD3F /* RegisterBuilder.swift in Sources */,
				DB0FED6722F21FC0006ADD3F /* RegisterInteractor.swift in Sources */,
				DB2D374622E78D53008AEAAE /* LoginViewController+Configuration.swift in Sources */,
				DB10623022FAA7F100A24E5F /* AccountController.swift in Sources */,
				DB2D373D22E78318008AEAAE /* LoginPresenter.swift in Sources */,
				DB0CC2D32309A256000066E5 /* ChatProtocols.swift in Sources */,
				DBFE4B9322FB4DDB0008305E /* ChatCell.swift in Sources */,
				DB002B4F22FA0B9C007ED1CF /* UserModel.swift in Sources */,
				DB2D374122E78624008AEAAE /* LoginView.swift in Sources */,
				DB0FED6F22F221B7006ADD3F /* RegisterViewController+Configuration.swift in Sources */,
				DB002B4722FA066B007ED1CF /* TabBarController.swift in Sources */,
				DB0F496E22FD97770032B913 /* CommonError.swift in Sources */,
				DB03D2E2230F0F2400A92B9C /* Data+toJson.swift in Sources */,
				DB04F3C222FC4D6E00D37316 /* LoginUserWorker.swift in Sources */,
				DB2D373F22E78332008AEAAE /* LoginInteractor.swift in Sources */,
				DB002B5222FA1D88007ED1CF /* TableView+RegisterCell.swift in Sources */,
				DB002B4222F9FB40007ED1CF /* MessagesDatabaseManager.swift in Sources */,
				DB0FED6B22F2200B006ADD3F /* RegisterView.swift in Sources */,
				DBFE48812315BB9600E8F94C /* UsersDataManager.swift in Sources */,
				DB2D373822E78288008AEAAE /* LoginViewController.swift in Sources */,
				DB0CC2D92309CF77000066E5 /* String+isEmptyOrWhitespace.swift in Sources */,
				DBFFE58323048160000F3B55 /* ChatViewController+Configuration.swift in Sources */,
				DB2D374322E786EB008AEAAE /* LoginBuilder.swift in Sources */,
				DB032C65230307E90066A4AD /* ChatBuilder.swift in Sources */,
				DB0FED6522F21F9F006ADD3F /* RegisterPresenter.swift in Sources */,
				DB0CC2CF2309A1FB000066E5 /* ChatPresenter.swift in Sources */,
				DB2D374822E7913F008AEAAE /* LoginProtocols.swift in Sources */,
				DB0CC2D52309A8B5000066E5 /* ChatFlow.swift in Sources */,
				DB10623622FB17B800A24E5F /* MessageModel.swift in Sources */,
				DB0CC2D72309B557000066E5 /* ChatTableDataSource.swift in Sources */,
				DB10623422FAF1B600A24E5F /* ChatView.swift in Sources */,
				DB002B5422FA20BB007ED1CF /* UIViewController+ActivityIndicator.swift in Sources */,
				DB0FED6922F21FF3006ADD3F /* RegisterViewController.swift in Sources */,
				DB2D374A22E79527008AEAAE /* LoginFlow.swift in Sources */,
				DB04F3C422FC505800D37316 /* RegisterUserWorker.swift in Sources */,
				DB0065A122CD2B620015C69A /* AppDelegate.swift in Sources */,
				DB34EE6822D6341100E140DC /* UsersListViewController+TableViewDelegates.swift in Sources */,
				DB10623222FAF18100A24E5F /* ChatViewController.swift in Sources */,
				DB002B4B22FA070A007ED1CF /* UsersListBuilder.swift in Sources */,
			);
			runOnlyForDeploymentPostprocessing = 0;
		};
/* End PBXSourcesBuildPhase section */

/* Begin PBXVariantGroup section */
		DB0065A922CD2B640015C69A /* LaunchScreen.storyboard */ = {
			isa = PBXVariantGroup;
			children = (
				DB0065AA22CD2B640015C69A /* Base */,
			);
			name = LaunchScreen.storyboard;
			sourceTree = "<group>";
		};
/* End PBXVariantGroup section */

/* Begin XCBuildConfiguration section */
		DB0065AD22CD2B640015C69A /* Debug */ = {
			isa = XCBuildConfiguration;
			buildSettings = {
				ALWAYS_SEARCH_USER_PATHS = NO;
				CLANG_ANALYZER_NONNULL = YES;
				CLANG_ANALYZER_NUMBER_OBJECT_CONVERSION = YES_AGGRESSIVE;
				CLANG_CXX_LANGUAGE_STANDARD = "gnu++14";
				CLANG_CXX_LIBRARY = "libc++";
				CLANG_ENABLE_MODULES = YES;
				CLANG_ENABLE_OBJC_ARC = YES;
				CLANG_ENABLE_OBJC_WEAK = YES;
				CLANG_WARN_BLOCK_CAPTURE_AUTORELEASING = YES;
				CLANG_WARN_BOOL_CONVERSION = YES;
				CLANG_WARN_COMMA = YES;
				CLANG_WARN_CONSTANT_CONVERSION = YES;
				CLANG_WARN_DEPRECATED_OBJC_IMPLEMENTATIONS = YES;
				CLANG_WARN_DIRECT_OBJC_ISA_USAGE = YES_ERROR;
				CLANG_WARN_DOCUMENTATION_COMMENTS = YES;
				CLANG_WARN_EMPTY_BODY = YES;
				CLANG_WARN_ENUM_CONVERSION = YES;
				CLANG_WARN_INFINITE_RECURSION = YES;
				CLANG_WARN_INT_CONVERSION = YES;
				CLANG_WARN_NON_LITERAL_NULL_CONVERSION = YES;
				CLANG_WARN_OBJC_IMPLICIT_RETAIN_SELF = YES;
				CLANG_WARN_OBJC_LITERAL_CONVERSION = YES;
				CLANG_WARN_OBJC_ROOT_CLASS = YES_ERROR;
				CLANG_WARN_RANGE_LOOP_ANALYSIS = YES;
				CLANG_WARN_STRICT_PROTOTYPES = YES;
				CLANG_WARN_SUSPICIOUS_MOVE = YES;
				CLANG_WARN_UNGUARDED_AVAILABILITY = YES_AGGRESSIVE;
				CLANG_WARN_UNREACHABLE_CODE = YES;
				CLANG_WARN__DUPLICATE_METHOD_MATCH = YES;
				CODE_SIGN_IDENTITY = "iPhone Developer";
				COPY_PHASE_STRIP = NO;
				DEBUG_INFORMATION_FORMAT = dwarf;
				ENABLE_STRICT_OBJC_MSGSEND = YES;
				ENABLE_TESTABILITY = YES;
				GCC_C_LANGUAGE_STANDARD = gnu11;
				GCC_DYNAMIC_NO_PIC = NO;
				GCC_NO_COMMON_BLOCKS = YES;
				GCC_OPTIMIZATION_LEVEL = 0;
				GCC_PREPROCESSOR_DEFINITIONS = (
					"DEBUG=1",
					"$(inherited)",
				);
				GCC_WARN_64_TO_32_BIT_CONVERSION = YES;
				GCC_WARN_ABOUT_RETURN_TYPE = YES_ERROR;
				GCC_WARN_UNDECLARED_SELECTOR = YES;
				GCC_WARN_UNINITIALIZED_AUTOS = YES_AGGRESSIVE;
				GCC_WARN_UNUSED_FUNCTION = YES;
				GCC_WARN_UNUSED_VARIABLE = YES;
				IPHONEOS_DEPLOYMENT_TARGET = 12.2;
				MTL_ENABLE_DEBUG_INFO = INCLUDE_SOURCE;
				MTL_FAST_MATH = YES;
				ONLY_ACTIVE_ARCH = YES;
				SDKROOT = iphoneos;
				SWIFT_ACTIVE_COMPILATION_CONDITIONS = DEBUG;
				SWIFT_OPTIMIZATION_LEVEL = "-Onone";
			};
			name = Debug;
		};
		DB0065AE22CD2B640015C69A /* Release */ = {
			isa = XCBuildConfiguration;
			buildSettings = {
				ALWAYS_SEARCH_USER_PATHS = NO;
				CLANG_ANALYZER_NONNULL = YES;
				CLANG_ANALYZER_NUMBER_OBJECT_CONVERSION = YES_AGGRESSIVE;
				CLANG_CXX_LANGUAGE_STANDARD = "gnu++14";
				CLANG_CXX_LIBRARY = "libc++";
				CLANG_ENABLE_MODULES = YES;
				CLANG_ENABLE_OBJC_ARC = YES;
				CLANG_ENABLE_OBJC_WEAK = YES;
				CLANG_WARN_BLOCK_CAPTURE_AUTORELEASING = YES;
				CLANG_WARN_BOOL_CONVERSION = YES;
				CLANG_WARN_COMMA = YES;
				CLANG_WARN_CONSTANT_CONVERSION = YES;
				CLANG_WARN_DEPRECATED_OBJC_IMPLEMENTATIONS = YES;
				CLANG_WARN_DIRECT_OBJC_ISA_USAGE = YES_ERROR;
				CLANG_WARN_DOCUMENTATION_COMMENTS = YES;
				CLANG_WARN_EMPTY_BODY = YES;
				CLANG_WARN_ENUM_CONVERSION = YES;
				CLANG_WARN_INFINITE_RECURSION = YES;
				CLANG_WARN_INT_CONVERSION = YES;
				CLANG_WARN_NON_LITERAL_NULL_CONVERSION = YES;
				CLANG_WARN_OBJC_IMPLICIT_RETAIN_SELF = YES;
				CLANG_WARN_OBJC_LITERAL_CONVERSION = YES;
				CLANG_WARN_OBJC_ROOT_CLASS = YES_ERROR;
				CLANG_WARN_RANGE_LOOP_ANALYSIS = YES;
				CLANG_WARN_STRICT_PROTOTYPES = YES;
				CLANG_WARN_SUSPICIOUS_MOVE = YES;
				CLANG_WARN_UNGUARDED_AVAILABILITY = YES_AGGRESSIVE;
				CLANG_WARN_UNREACHABLE_CODE = YES;
				CLANG_WARN__DUPLICATE_METHOD_MATCH = YES;
				CODE_SIGN_IDENTITY = "iPhone Developer";
				COPY_PHASE_STRIP = NO;
				DEBUG_INFORMATION_FORMAT = "dwarf-with-dsym";
				ENABLE_NS_ASSERTIONS = NO;
				ENABLE_STRICT_OBJC_MSGSEND = YES;
				GCC_C_LANGUAGE_STANDARD = gnu11;
				GCC_NO_COMMON_BLOCKS = YES;
				GCC_WARN_64_TO_32_BIT_CONVERSION = YES;
				GCC_WARN_ABOUT_RETURN_TYPE = YES_ERROR;
				GCC_WARN_UNDECLARED_SELECTOR = YES;
				GCC_WARN_UNINITIALIZED_AUTOS = YES_AGGRESSIVE;
				GCC_WARN_UNUSED_FUNCTION = YES;
				GCC_WARN_UNUSED_VARIABLE = YES;
				IPHONEOS_DEPLOYMENT_TARGET = 12.2;
				MTL_ENABLE_DEBUG_INFO = NO;
				MTL_FAST_MATH = YES;
				SDKROOT = iphoneos;
				SWIFT_COMPILATION_MODE = wholemodule;
				SWIFT_OPTIMIZATION_LEVEL = "-O";
				VALIDATE_PRODUCT = YES;
			};
			name = Release;
		};
		DB0065B022CD2B640015C69A /* Debug */ = {
			isa = XCBuildConfiguration;
			baseConfigurationReference = 5F3478AFD4AF8405B91D83F9 /* Pods-FindYours.debug.xcconfig */;
			buildSettings = {
				ASSETCATALOG_COMPILER_APPICON_NAME = AppIcon;
				CODE_SIGN_STYLE = Automatic;
				DEVELOPMENT_TEAM = H5UJ9TZ42Q;
				INFOPLIST_FILE = FindYours/Info.plist;
				LD_RUNPATH_SEARCH_PATHS = (
					"$(inherited)",
					"@executable_path/Frameworks",
				);
				PRODUCT_BUNDLE_IDENTIFIER = find.FindYours;
				PRODUCT_NAME = "$(TARGET_NAME)";
				SWIFT_VERSION = 5.0;
				TARGETED_DEVICE_FAMILY = "1,2";
			};
			name = Debug;
		};
		DB0065B122CD2B640015C69A /* Release */ = {
			isa = XCBuildConfiguration;
			baseConfigurationReference = 60FB78443D97820FCB538FA4 /* Pods-FindYours.release.xcconfig */;
			buildSettings = {
				ASSETCATALOG_COMPILER_APPICON_NAME = AppIcon;
				CODE_SIGN_STYLE = Automatic;
				DEVELOPMENT_TEAM = H5UJ9TZ42Q;
				INFOPLIST_FILE = FindYours/Info.plist;
				LD_RUNPATH_SEARCH_PATHS = (
					"$(inherited)",
					"@executable_path/Frameworks",
				);
				PRODUCT_BUNDLE_IDENTIFIER = find.FindYours;
				PRODUCT_NAME = "$(TARGET_NAME)";
				SWIFT_VERSION = 5.0;
				TARGETED_DEVICE_FAMILY = "1,2";
			};
			name = Release;
		};
/* End XCBuildConfiguration section */

/* Begin XCConfigurationList section */
		DB00659822CD2B620015C69A /* Build configuration list for PBXProject "FindYours" */ = {
			isa = XCConfigurationList;
			buildConfigurations = (
				DB0065AD22CD2B640015C69A /* Debug */,
				DB0065AE22CD2B640015C69A /* Release */,
			);
			defaultConfigurationIsVisible = 0;
			defaultConfigurationName = Release;
		};
		DB0065AF22CD2B640015C69A /* Build configuration list for PBXNativeTarget "FindYours" */ = {
			isa = XCConfigurationList;
			buildConfigurations = (
				DB0065B022CD2B640015C69A /* Debug */,
				DB0065B122CD2B640015C69A /* Release */,
			);
			defaultConfigurationIsVisible = 0;
			defaultConfigurationName = Release;
		};
/* End XCConfigurationList section */
	};
	rootObject = DB00659522CD2B620015C69A /* Project object */;
}
